
Microsoft Visual Studio Solution File, Format Version 12.00
# Visual Studio 15
VisualStudioVersion = 15.0.28307.421
MinimumVisualStudioVersion = 10.0.40219.1
Project("{FAE04EC0-301F-11D3-BF4B-00C04F79EFBC}") = "ConsoleApp18", "ConsoleApp18.csproj", "{0893BE2D-787B-494C-980D-BB3CEA3830AD}"
EndProject
Global
	GlobalSection(SolutionConfigurationPlatforms) = preSolution
		Debug|Any CPU = Debug|Any CPU
		Release|Any CPU = Release|Any CPU
	EndGlobalSection
	GlobalSection(ProjectConfigurationPlatforms) = postSolution
		{0893BE2D-787B-494C-980D-BB3CEA3830AD}.Debug|Any CPU.ActiveCfg = Debug|Any CPU
		{0893BE2D-787B-494C-980D-BB3CEA3830AD}.Debug|Any CPU.Build.0 = Debug|Any CPU
		{0893BE2D-787B-494C-980D-BB3CEA3830AD}.Release|Any CPU.ActiveCfg = Release|Any CPU
		{0893BE2D-787B-494C-980D-BB3CEA3830AD}.Release|Any CPU.Build.0 = Release|Any CPU
	EndGlobalSection
	GlobalSection(SolutionProperties) = preSolution
		HideSolutionNode = FALSE
	EndGlobalSection
	GlobalSection(ExtensibilityGlobals) = postSolution
		SolutionGuid = {9671A00F-E54B-48DF-B55E-81F75489A928}
	EndGlobalSection
EndGlobal
